
Microsoft Visual Studio Solution File, Format Version 12.00
# Visual Studio Version 16
VisualStudioVersion = 16.0.30114.105
MinimumVisualStudioVersion = 10.0.40219.1
Project("{FAE04EC0-301F-11D3-BF4B-00C04F79EFBC}") = "API", "API\API.csproj", "{71DE3D95-0781-4989-AE86-7B84B8668DFA}"
EndProject
Project("{FAE04EC0-301F-11D3-BF4B-00C04F79EFBC}") = "Core", "Core\Core.csproj", "{7BF983B3-E3B8-41F6-9753-41B60151CDBC}"
EndProject
Project("{FAE04EC0-301F-11D3-BF4B-00C04F79EFBC}") = "Infrastructure", "Infrastructure\Infrastructure.csproj", "{1A96CCA4-2B24-4883-AEFC-03F0CD4EAF6D}"
EndProject
Global
	GlobalSection(SolutionConfigurationPlatforms) = preSolution
		Debug|Any CPU = Debug|Any CPU
		Debug|x64 = Debug|x64
		Debug|x86 = Debug|x86
		Release|Any CPU = Release|Any CPU
		Release|x64 = Release|x64
		Release|x86 = Release|x86
	EndGlobalSection
	GlobalSection(SolutionProperties) = preSolution
		HideSolutionNode = FALSE
	EndGlobalSection
	GlobalSection(ProjectConfigurationPlatforms) = postSolution
		{71DE3D95-0781-4989-AE86-7B84B8668DFA}.Debug|Any CPU.ActiveCfg = Debug|Any CPU
		{71DE3D95-0781-4989-AE86-7B84B8668DFA}.Debug|Any CPU.Build.0 = Debug|Any CPU
		{71DE3D95-0781-4989-AE86-7B84B8668DFA}.Debug|x64.ActiveCfg = Debug|Any CPU
		{71DE3D95-0781-4989-AE86-7B84B8668DFA}.Debug|x64.Build.0 = Debug|Any CPU
		{71DE3D95-0781-4989-AE86-7B84B8668DFA}.Debug|x86.ActiveCfg = Debug|Any CPU
		{71DE3D95-0781-4989-AE86-7B84B8668DFA}.Debug|x86.Build.0 = Debug|Any CPU
		{71DE3D95-0781-4989-AE86-7B84B8668DFA}.Release|Any CPU.ActiveCfg = Release|Any CPU
		{71DE3D95-0781-4989-AE86-7B84B8668DFA}.Release|Any CPU.Build.0 = Release|Any CPU
		{71DE3D95-0781-4989-AE86-7B84B8668DFA}.Release|x64.ActiveCfg = Release|Any CPU
		{71DE3D95-0781-4989-AE86-7B84B8668DFA}.Release|x64.Build.0 = Release|Any CPU
		{71DE3D95-0781-4989-AE86-7B84B8668DFA}.Release|x86.ActiveCfg = Release|Any CPU
		{71DE3D95-0781-4989-AE86-7B84B8668DFA}.Release|x86.Build.0 = Release|Any CPU
		{7BF983B3-E3B8-41F6-9753-41B60151CDBC}.Debug|Any CPU.ActiveCfg = Debug|Any CPU
		{7BF983B3-E3B8-41F6-9753-41B60151CDBC}.Debug|Any CPU.Build.0 = Debug|Any CPU
		{7BF983B3-E3B8-41F6-9753-41B60151CDBC}.Debug|x64.ActiveCfg = Debug|Any CPU
		{7BF983B3-E3B8-41F6-9753-41B60151CDBC}.Debug|x64.Build.0 = Debug|Any CPU
		{7BF983B3-E3B8-41F6-9753-41B60151CDBC}.Debug|x86.ActiveCfg = Debug|Any CPU
		{7BF983B3-E3B8-41F6-9753-41B60151CDBC}.Debug|x86.Build.0 = Debug|Any CPU
		{7BF983B3-E3B8-41F6-9753-41B60151CDBC}.Release|Any CPU.ActiveCfg = Release|Any CPU
		{7BF983B3-E3B8-41F6-9753-41B60151CDBC}.Release|Any CPU.Build.0 = Release|Any CPU
		{7BF983B3-E3B8-41F6-9753-41B60151CDBC}.Release|x64.ActiveCfg = Release|Any CPU
		{7BF983B3-E3B8-41F6-9753-41B60151CDBC}.Release|x64.Build.0 = Release|Any CPU
		{7BF983B3-E3B8-41F6-9753-41B60151CDBC}.Release|x86.ActiveCfg = Release|Any CPU
		{7BF983B3-E3B8-41F6-9753-41B60151CDBC}.Release|x86.Build.0 = Release|Any CPU
		{1A96CCA4-2B24-4883-AEFC-03F0CD4EAF6D}.Debug|Any CPU.ActiveCfg = Debug|Any CPU
		{1A96CCA4-2B24-4883-AEFC-03F0CD4EAF6D}.Debug|Any CPU.Build.0 = Debug|Any CPU
		{1A96CCA4-2B24-4883-AEFC-03F0CD4EAF6D}.Debug|x64.ActiveCfg = Debug|Any CPU
		{1A96CCA4-2B24-4883-AEFC-03F0CD4EAF6D}.Debug|x64.Build.0 = Debug|Any CPU
		{1A96CCA4-2B24-4883-AEFC-03F0CD4EAF6D}.Debug|x86.ActiveCfg = Debug|Any CPU
		{1A96CCA4-2B24-4883-AEFC-03F0CD4EAF6D}.Debug|x86.Build.0 = Debug|Any CPU
		{1A96CCA4-2B24-4883-AEFC-03F0CD4EAF6D}.Release|Any CPU.ActiveCfg = Release|Any CPU
		{1A96CCA4-2B24-4883-AEFC-03F0CD4EAF6D}.Release|Any CPU.Build.0 = Release|Any CPU
		{1A96CCA4-2B24-4883-AEFC-03F0CD4EAF6D}.Release|x64.ActiveCfg = Release|Any CPU
		{1A96CCA4-2B24-4883-AEFC-03F0CD4EAF6D}.Release|x64.Build.0 = Release|Any CPU
		{1A96CCA4-2B24-4883-AEFC-03F0CD4EAF6D}.Release|x86.ActiveCfg = Release|Any CPU
		{1A96CCA4-2B24-4883-AEFC-03F0CD4EAF6D}.Release|x86.Build.0 = Release|Any CPU
	EndGlobalSection
EndGlobal
